{
  "name": "dhcp-ctrl",
  "version": "1.0.0",
  "lockfileVersion": 1,
  "requires": true,
  "dependencies": {
    "dhcp": {
      "version": "0.2.9",
      "resolved": "https://registry.npmjs.org/dhcp/-/dhcp-0.2.9.tgz",
      "integrity": "sha512-QOqRgnea0cW8aPZ8fZjNoaDsEgwpL3kES1brd38XMFkrmm4SjyEX0JYzD5FKF5i0TTLRhksVuRl6ogXC95a/Ow==",
      "requires": {
        "minimist": "1.2.0"
      }
    },
    "minimist": {
      "version": "1.2.0",
      "resolved": "https://registry.npmjs.org/minimist/-/minimist-1.2.0.tgz",
      "integrity": "sha1-o1AIsg9BOD7sH7kU9M1d95omQoQ="
    }
  }
}
